
Microsoft Visual Studio Solution File, Format Version 12.00
# Visual Studio Version 16
VisualStudioVersion = 16.0.30320.27
MinimumVisualStudioVersion = 10.0.40219.1
Project("{2150E333-8FDC-42A3-9474-1A3956D46DE8}") = "Src", "Src", "{6D1A6F14-2B22-4D70-9C48-BCBE323A308A}"
EndProject
Project("{9A19103F-16F7-4668-BE54-9A1E7A4F7556}") = "CrudTestAssignment.DAL", "CrudTestAssignment.DAL\CrudTestAssignment.DAL.csproj", "{A46E997E-D9B1-4122-B4EB-6405AF7CBE4E}"
EndProject
Project("{9A19103F-16F7-4668-BE54-9A1E7A4F7556}") = "CrudTestAssignment.Log", "CrudTestAssignment.Log\CrudTestAssignment.Log.csproj", "{52472837-05AA-4021-A881-F98DB893A717}"
EndProject
Project("{00D1A9C2-B5F0-4AF3-8072-F6C62B433612}") = "CrudTestAssignment.Database", "CrudTestAssignment.Database\CrudTestAssignment.Database.sqlproj", "{1D613906-35A3-441D-9056-D02C97560737}"
EndProject
Project("{9A19103F-16F7-4668-BE54-9A1E7A4F7556}") = "CrudTestAssignment.Api", "CrudTestAssignment.Api\CrudTestAssignment.Api.csproj", "{F53BC623-6E83-4ED2-B4E5-E685C470647B}"
EndProject
Project("{2150E333-8FDC-42A3-9474-1A3956D46DE8}") = "Test", "Test", "{84C5955E-3E50-4ABB-B335-B6E712120D51}"
EndProject
Project("{FAE04EC0-301F-11D3-BF4B-00C04F79EFBC}") = "CrudTestAssignment.Api.Integration.Test", "CrudTestAssignment.Api.Integration.Test\CrudTestAssignment.Api.Integration.Test.csproj", "{12F1C981-C0CC-426B-B271-BC1D6EDEA8AE}"
EndProject
Project("{FAE04EC0-301F-11D3-BF4B-00C04F79EFBC}") = "CrudTestAssignment.Ui", "CrudTestAssignment.Ui\CrudTestAssignment.Ui.csproj", "{4E20F5AD-3FA9-4C24-8C58-ABEFD6EF059A}"
EndProject
Global
	GlobalSection(SolutionConfigurationPlatforms) = preSolution
		Debug|Any CPU = Debug|Any CPU
		Release|Any CPU = Release|Any CPU
	EndGlobalSection
	GlobalSection(ProjectConfigurationPlatforms) = postSolution
		{A46E997E-D9B1-4122-B4EB-6405AF7CBE4E}.Debug|Any CPU.ActiveCfg = Debug|Any CPU
		{A46E997E-D9B1-4122-B4EB-6405AF7CBE4E}.Debug|Any CPU.Build.0 = Debug|Any CPU
		{A46E997E-D9B1-4122-B4EB-6405AF7CBE4E}.Release|Any CPU.ActiveCfg = Release|Any CPU
		{A46E997E-D9B1-4122-B4EB-6405AF7CBE4E}.Release|Any CPU.Build.0 = Release|Any CPU
		{52472837-05AA-4021-A881-F98DB893A717}.Debug|Any CPU.ActiveCfg = Debug|Any CPU
		{52472837-05AA-4021-A881-F98DB893A717}.Debug|Any CPU.Build.0 = Debug|Any CPU
		{52472837-05AA-4021-A881-F98DB893A717}.Release|Any CPU.ActiveCfg = Release|Any CPU
		{52472837-05AA-4021-A881-F98DB893A717}.Release|Any CPU.Build.0 = Release|Any CPU
		{1D613906-35A3-441D-9056-D02C97560737}.Debug|Any CPU.ActiveCfg = Debug|Any CPU
		{1D613906-35A3-441D-9056-D02C97560737}.Debug|Any CPU.Build.0 = Debug|Any CPU
		{1D613906-35A3-441D-9056-D02C97560737}.Debug|Any CPU.Deploy.0 = Debug|Any CPU
		{1D613906-35A3-441D-9056-D02C97560737}.Release|Any CPU.ActiveCfg = Release|Any CPU
		{1D613906-35A3-441D-9056-D02C97560737}.Release|Any CPU.Build.0 = Release|Any CPU
		{1D613906-35A3-441D-9056-D02C97560737}.Release|Any CPU.Deploy.0 = Release|Any CPU
		{F53BC623-6E83-4ED2-B4E5-E685C470647B}.Debug|Any CPU.ActiveCfg = Debug|Any CPU
		{F53BC623-6E83-4ED2-B4E5-E685C470647B}.Debug|Any CPU.Build.0 = Debug|Any CPU
		{F53BC623-6E83-4ED2-B4E5-E685C470647B}.Release|Any CPU.ActiveCfg = Release|Any CPU
		{F53BC623-6E83-4ED2-B4E5-E685C470647B}.Release|Any CPU.Build.0 = Release|Any CPU
		{12F1C981-C0CC-426B-B271-BC1D6EDEA8AE}.Debug|Any CPU.ActiveCfg = Debug|Any CPU
		{12F1C981-C0CC-426B-B271-BC1D6EDEA8AE}.Debug|Any CPU.Build.0 = Debug|Any CPU
		{12F1C981-C0CC-426B-B271-BC1D6EDEA8AE}.Release|Any CPU.ActiveCfg = Release|Any CPU
		{12F1C981-C0CC-426B-B271-BC1D6EDEA8AE}.Release|Any CPU.Build.0 = Release|Any CPU
		{4E20F5AD-3FA9-4C24-8C58-ABEFD6EF059A}.Debug|Any CPU.ActiveCfg = Debug|Any CPU
		{4E20F5AD-3FA9-4C24-8C58-ABEFD6EF059A}.Debug|Any CPU.Build.0 = Debug|Any CPU
		{4E20F5AD-3FA9-4C24-8C58-ABEFD6EF059A}.Release|Any CPU.ActiveCfg = Release|Any CPU
		{4E20F5AD-3FA9-4C24-8C58-ABEFD6EF059A}.Release|Any CPU.Build.0 = Release|Any CPU
	EndGlobalSection
	GlobalSection(SolutionProperties) = preSolution
		HideSolutionNode = FALSE
	EndGlobalSection
	GlobalSection(NestedProjects) = preSolution
		{A46E997E-D9B1-4122-B4EB-6405AF7CBE4E} = {6D1A6F14-2B22-4D70-9C48-BCBE323A308A}
		{52472837-05AA-4021-A881-F98DB893A717} = {6D1A6F14-2B22-4D70-9C48-BCBE323A308A}
		{1D613906-35A3-441D-9056-D02C97560737} = {6D1A6F14-2B22-4D70-9C48-BCBE323A308A}
		{F53BC623-6E83-4ED2-B4E5-E685C470647B} = {6D1A6F14-2B22-4D70-9C48-BCBE323A308A}
		{12F1C981-C0CC-426B-B271-BC1D6EDEA8AE} = {84C5955E-3E50-4ABB-B335-B6E712120D51}
		{4E20F5AD-3FA9-4C24-8C58-ABEFD6EF059A} = {6D1A6F14-2B22-4D70-9C48-BCBE323A308A}
	EndGlobalSection
	GlobalSection(ExtensibilityGlobals) = postSolution
		SolutionGuid = {CDF90F3A-AE4D-4DB1-9931-6CBC5E76F044}
	EndGlobalSection
EndGlobal
