
Microsoft Visual Studio Solution File, Format Version 12.00
# Visual Studio Version 16
VisualStudioVersion = 16.0.30320.27
MinimumVisualStudioVersion = 10.0.40219.1
Project("{2150E333-8FDC-42A3-9474-1A3956D46DE8}") = "Src", "Src", "{6D1A6F14-2B22-4D70-9C48-BCBE323A308A}"
EndProject
Project("{FAE04EC0-301F-11D3-BF4B-00C04F79EFBC}") = "CrudTestAssignment.DAL", "CrudTestAssignment.DAL\CrudTestAssignment.DAL.csproj", "{A46E997E-D9B1-4122-B4EB-6405AF7CBE4E}"
EndProject
Global
	GlobalSection(SolutionConfigurationPlatforms) = preSolution
		Debug|Any CPU = Debug|Any CPU
		Release|Any CPU = Release|Any CPU
	EndGlobalSection
	GlobalSection(ProjectConfigurationPlatforms) = postSolution
		{A46E997E-D9B1-4122-B4EB-6405AF7CBE4E}.Debug|Any CPU.ActiveCfg = Debug|Any CPU
		{A46E997E-D9B1-4122-B4EB-6405AF7CBE4E}.Debug|Any CPU.Build.0 = Debug|Any CPU
		{A46E997E-D9B1-4122-B4EB-6405AF7CBE4E}.Release|Any CPU.ActiveCfg = Release|Any CPU
		{A46E997E-D9B1-4122-B4EB-6405AF7CBE4E}.Release|Any CPU.Build.0 = Release|Any CPU
	EndGlobalSection
	GlobalSection(SolutionProperties) = preSolution
		HideSolutionNode = FALSE
	EndGlobalSection
	GlobalSection(NestedProjects) = preSolution
		{A46E997E-D9B1-4122-B4EB-6405AF7CBE4E} = {6D1A6F14-2B22-4D70-9C48-BCBE323A308A}
	EndGlobalSection
	GlobalSection(ExtensibilityGlobals) = postSolution
		SolutionGuid = {CDF90F3A-AE4D-4DB1-9931-6CBC5E76F044}
	EndGlobalSection
EndGlobal
